// !$*UTF8*$!
{
	archiveVersion = 1;
	classes = {
	};
	objectVersion = 46;
	objects = {

/* Begin PBXBuildFile section */
		1D5C9C231A0B5FE0007CFFF9 /* HomeViewController.m in Sources */ = {isa = PBXBuildFile; fileRef = 1D5C9C221A0B5FE0007CFFF9 /* HomeViewController.m */; };
		1D5C9C251A0B5FF8007CFFF9 /* Main.storyboard in Resources */ = {isa = PBXBuildFile; fileRef = 1D5C9C241A0B5FF8007CFFF9 /* Main.storyboard */; };
		1D5C9C2D1A0B60CC007CFFF9 /* homepage@2x.png in Resources */ = {isa = PBXBuildFile; fileRef = 1D5C9C281A0B60CC007CFFF9 /* homepage@2x.png */; };
		1D5C9C2E1A0B60CC007CFFF9 /* anchor@2x.png in Resources */ = {isa = PBXBuildFile; fileRef = 1D5C9C291A0B60CC007CFFF9 /* anchor@2x.png */; };
		1D5C9C2F1A0B60CC007CFFF9 /* chart_up@2x.png in Resources */ = {isa = PBXBuildFile; fileRef = 1D5C9C2A1A0B60CC007CFFF9 /* chart_up@2x.png */; };
		1D5C9C301A0B60CC007CFFF9 /* layers@2x.png in Resources */ = {isa = PBXBuildFile; fileRef = 1D5C9C2B1A0B60CC007CFFF9 /* layers@2x.png */; };
		1D666CFF1A10C843004DC666 /* LeftSliderController.m in Sources */ = {isa = PBXBuildFile; fileRef = 1D666CFE1A10C843004DC666 /* LeftSliderController.m */; };
		1D78F4A31A0D1581009ED28B /* menu-icon@2x.png in Resources */ = {isa = PBXBuildFile; fileRef = 1D78F4A21A0D1581009ED28B /* menu-icon@2x.png */; };
		1D78F4A51A0D168E009ED28B /* QuartzCore.framework in Frameworks */ = {isa = PBXBuildFile; fileRef = 1D78F4A41A0D168E009ED28B /* QuartzCore.framework */; };
		1D989AAB1A10F6260092EED1 /* FlowViewController.m in Sources */ = {isa = PBXBuildFile; fileRef = 1D989AAA1A10F6260092EED1 /* FlowViewController.m */; };
		1D989AAE1A10F6560092EED1 /* AnalysisViewController.m in Sources */ = {isa = PBXBuildFile; fileRef = 1D989AAD1A10F6560092EED1 /* AnalysisViewController.m */; };
		1D989AB11A10F6750092EED1 /* PlatformViewController.m in Sources */ = {isa = PBXBuildFile; fileRef = 1D989AB01A10F6750092EED1 /* PlatformViewController.m */; };
		1D9C11901A10B12400BE0E23 /* background.jpg in Resources */ = {isa = PBXBuildFile; fileRef = 1D9C118F1A10B12400BE0E23 /* background.jpg */; };
		1DBED6891A2D55BB007939CF /* p2p_basket.sqlite in Resources */ = {isa = PBXBuildFile; fileRef = 1DBED6881A2D55BB007939CF /* p2p_basket.sqlite */; };
		1DED79D91A287A4A00A054DB /* 爱投资-icon.png in Resources */ = {isa = PBXBuildFile; fileRef = 1DED79D11A287A4A00A054DB /* 爱投资-icon.png */; };
		1DED79DA1A287A4A00A054DB /* 点融网-icon.png in Resources */ = {isa = PBXBuildFile; fileRef = 1DED79D21A287A4A00A054DB /* 点融网-icon.png */; };
		1DED79DB1A287A4A00A054DB /* 积木盒子-icon.png in Resources */ = {isa = PBXBuildFile; fileRef = 1DED79D31A287A4A00A054DB /* 积木盒子-icon.png */; };
		1DED79DC1A287A4A00A054DB /* 陆金所-icon.png in Resources */ = {isa = PBXBuildFile; fileRef = 1DED79D41A287A4A00A054DB /* 陆金所-icon.png */; };
		1DED79DD1A287A4A00A054DB /* 人人贷-icon.png in Resources */ = {isa = PBXBuildFile; fileRef = 1DED79D51A287A4A00A054DB /* 人人贷-icon.png */; };
		1DED79DE1A287A4A00A054DB /* 盛融在线-icon.png in Resources */ = {isa = PBXBuildFile; fileRef = 1DED79D61A287A4A00A054DB /* 盛融在线-icon.png */; };
		1DED79DF1A287A4A00A054DB /* 鑫合汇-icon.png in Resources */ = {isa = PBXBuildFile; fileRef = 1DED79D71A287A4A00A054DB /* 鑫合汇-icon.png */; };
		1DED79E01A287A4A00A054DB /* 有利网-icon.png in Resources */ = {isa = PBXBuildFile; fileRef = 1DED79D81A287A4A00A054DB /* 有利网-icon.png */; };
		1DF0BDF11A10550A00E491D6 /* RootViewController.m in Sources */ = {isa = PBXBuildFile; fileRef = 1DF0BDF01A10550A00E491D6 /* RootViewController.m */; };
		E608615619FFEDC800EBDBE1 /* main.m in Sources */ = {isa = PBXBuildFile; fileRef = E608615519FFEDC800EBDBE1 /* main.m */; };
		E608615919FFEDC800EBDBE1 /* AppDelegate.m in Sources */ = {isa = PBXBuildFile; fileRef = E608615819FFEDC800EBDBE1 /* AppDelegate.m */; };
		E608616119FFEDC800EBDBE1 /* Images.xcassets in Resources */ = {isa = PBXBuildFile; fileRef = E608616019FFEDC800EBDBE1 /* Images.xcassets */; };
		E608616419FFEDC800EBDBE1 /* LaunchScreen.xib in Resources */ = {isa = PBXBuildFile; fileRef = E608616219FFEDC800EBDBE1 /* LaunchScreen.xib */; };
		E608617019FFEDC800EBDBE1 /* P2P_Basket_iOSTests.m in Sources */ = {isa = PBXBuildFile; fileRef = E608616F19FFEDC800EBDBE1 /* P2P_Basket_iOSTests.m */; };
		E616DAEF1A28D68700A17ED9 /* platformDB.m in Sources */ = {isa = PBXBuildFile; fileRef = E616DAEE1A28D68700A17ED9 /* platformDB.m */; };
		E65EB9001A17AA10004F23B7 /* MoreViewController.m in Sources */ = {isa = PBXBuildFile; fileRef = E65EB8FF1A17AA10004F23B7 /* MoreViewController.m */; };
		E65EB9021A17AD32004F23B7 /* more@2x.png in Resources */ = {isa = PBXBuildFile; fileRef = E65EB9011A17AD32004F23B7 /* more@2x.png */; };
		E68B042D1A2A1FD700DF1EBB /* RecordDB.m in Sources */ = {isa = PBXBuildFile; fileRef = E68B042C1A2A1FD700DF1EBB /* RecordDB.m */; };
		E6B2DBC61A2226F50086F403 /* libsqlite3.dylib in Frameworks */ = {isa = PBXBuildFile; fileRef = E6B2DBC51A2226F50086F403 /* libsqlite3.dylib */; };
		E6C8E4261A18C7A600229A9F /* AddViewController.m in Sources */ = {isa = PBXBuildFile; fileRef = E6C8E4251A18C7A600229A9F /* AddViewController.m */; };
/* End PBXBuildFile section */

/* Begin PBXContainerItemProxy section */
		E608616A19FFEDC800EBDBE1 /* PBXContainerItemProxy */ = {
			isa = PBXContainerItemProxy;
			containerPortal = E608614819FFEDC800EBDBE1 /* Project object */;
			proxyType = 1;
			remoteGlobalIDString = E608614F19FFEDC800EBDBE1;
			remoteInfo = P2P_Basket_iOS;
		};
/* End PBXContainerItemProxy section */

/* Begin PBXFileReference section */
		1D5C9C211A0B5FE0007CFFF9 /* HomeViewController.h */ = {isa = PBXFileReference; fileEncoding = 4; lastKnownFileType = sourcecode.c.h; path = HomeViewController.h; sourceTree = "<group>"; };
		1D5C9C221A0B5FE0007CFFF9 /* HomeViewController.m */ = {isa = PBXFileReference; fileEncoding = 4; lastKnownFileType = sourcecode.c.objc; path = HomeViewController.m; sourceTree = "<group>"; };
		1D5C9C241A0B5FF8007CFFF9 /* Main.storyboard */ = {isa = PBXFileReference; fileEncoding = 4; lastKnownFileType = file.storyboard; path = Main.storyboard; sourceTree = "<group>"; };
		1D5C9C281A0B60CC007CFFF9 /* homepage@2x.png */ = {isa = PBXFileReference; lastKnownFileType = image.png; path = "homepage@2x.png"; sourceTree = "<group>"; };
		1D5C9C291A0B60CC007CFFF9 /* anchor@2x.png */ = {isa = PBXFileReference; lastKnownFileType = image.png; path = "anchor@2x.png"; sourceTree = "<group>"; };
		1D5C9C2A1A0B60CC007CFFF9 /* chart_up@2x.png */ = {isa = PBXFileReference; lastKnownFileType = image.png; path = "chart_up@2x.png"; sourceTree = "<group>"; };
		1D5C9C2B1A0B60CC007CFFF9 /* layers@2x.png */ = {isa = PBXFileReference; lastKnownFileType = image.png; path = "layers@2x.png"; sourceTree = "<group>"; };
		1D666CFD1A10C843004DC666 /* LeftSliderController.h */ = {isa = PBXFileReference; fileEncoding = 4; lastKnownFileType = sourcecode.c.h; path = LeftSliderController.h; sourceTree = "<group>"; };
		1D666CFE1A10C843004DC666 /* LeftSliderController.m */ = {isa = PBXFileReference; fileEncoding = 4; lastKnownFileType = sourcecode.c.objc; path = LeftSliderController.m; sourceTree = "<group>"; };
		1D78F4A21A0D1581009ED28B /* menu-icon@2x.png */ = {isa = PBXFileReference; lastKnownFileType = image.png; path = "menu-icon@2x.png"; sourceTree = "<group>"; };
		1D78F4A41A0D168E009ED28B /* QuartzCore.framework */ = {isa = PBXFileReference; lastKnownFileType = wrapper.framework; name = QuartzCore.framework; path = System/Library/Frameworks/QuartzCore.framework; sourceTree = SDKROOT; };
		1D989AA91A10F6260092EED1 /* FlowViewController.h */ = {isa = PBXFileReference; fileEncoding = 4; lastKnownFileType = sourcecode.c.h; path = FlowViewController.h; sourceTree = "<group>"; };
		1D989AAA1A10F6260092EED1 /* FlowViewController.m */ = {isa = PBXFileReference; fileEncoding = 4; lastKnownFileType = sourcecode.c.objc; path = FlowViewController.m; sourceTree = "<group>"; };
		1D989AAC1A10F6560092EED1 /* AnalysisViewController.h */ = {isa = PBXFileReference; fileEncoding = 4; lastKnownFileType = sourcecode.c.h; path = AnalysisViewController.h; sourceTree = "<group>"; };
		1D989AAD1A10F6560092EED1 /* AnalysisViewController.m */ = {isa = PBXFileReference; fileEncoding = 4; lastKnownFileType = sourcecode.c.objc; path = AnalysisViewController.m; sourceTree = "<group>"; };
		1D989AAF1A10F6750092EED1 /* PlatformViewController.h */ = {isa = PBXFileReference; fileEncoding = 4; lastKnownFileType = sourcecode.c.h; path = PlatformViewController.h; sourceTree = "<group>"; };
		1D989AB01A10F6750092EED1 /* PlatformViewController.m */ = {isa = PBXFileReference; fileEncoding = 4; lastKnownFileType = sourcecode.c.objc; path = PlatformViewController.m; sourceTree = "<group>"; };
		1D9C118F1A10B12400BE0E23 /* background.jpg */ = {isa = PBXFileReference; lastKnownFileType = image.jpeg; path = background.jpg; sourceTree = "<group>"; };
		1DBED6881A2D55BB007939CF /* p2p_basket.sqlite */ = {isa = PBXFileReference; lastKnownFileType = file; path = p2p_basket.sqlite; sourceTree = "<group>"; };
		1DED79D11A287A4A00A054DB /* 爱投资-icon.png */ = {isa = PBXFileReference; lastKnownFileType = image.png; path = "爱投资-icon.png"; sourceTree = "<group>"; };
		1DED79D21A287A4A00A054DB /* 点融网-icon.png */ = {isa = PBXFileReference; lastKnownFileType = image.png; path = "点融网-icon.png"; sourceTree = "<group>"; };
		1DED79D31A287A4A00A054DB /* 积木盒子-icon.png */ = {isa = PBXFileReference; lastKnownFileType = image.png; path = "积木盒子-icon.png"; sourceTree = "<group>"; };
		1DED79D41A287A4A00A054DB /* 陆金所-icon.png */ = {isa = PBXFileReference; lastKnownFileType = image.png; path = "陆金所-icon.png"; sourceTree = "<group>"; };
		1DED79D51A287A4A00A054DB /* 人人贷-icon.png */ = {isa = PBXFileReference; lastKnownFileType = image.png; path = "人人贷-icon.png"; sourceTree = "<group>"; };
		1DED79D61A287A4A00A054DB /* 盛融在线-icon.png */ = {isa = PBXFileReference; lastKnownFileType = image.png; path = "盛融在线-icon.png"; sourceTree = "<group>"; };
		1DED79D71A287A4A00A054DB /* 鑫合汇-icon.png */ = {isa = PBXFileReference; lastKnownFileType = image.png; path = "鑫合汇-icon.png"; sourceTree = "<group>"; };
		1DED79D81A287A4A00A054DB /* 有利网-icon.png */ = {isa = PBXFileReference; lastKnownFileType = image.png; path = "有利网-icon.png"; sourceTree = "<group>"; };
		1DF0BDEF1A10550A00E491D6 /* RootViewController.h */ = {isa = PBXFileReference; fileEncoding = 4; lastKnownFileType = sourcecode.c.h; name = RootViewController.h; path = ../RootViewController.h; sourceTree = "<group>"; };
		1DF0BDF01A10550A00E491D6 /* RootViewController.m */ = {isa = PBXFileReference; fileEncoding = 4; lastKnownFileType = sourcecode.c.objc; name = RootViewController.m; path = ../RootViewController.m; sourceTree = "<group>"; };
		E608615019FFEDC800EBDBE1 /* P2P_Basket_iOS.app */ = {isa = PBXFileReference; explicitFileType = wrapper.application; includeInIndex = 0; path = P2P_Basket_iOS.app; sourceTree = BUILT_PRODUCTS_DIR; };
		E608615419FFEDC800EBDBE1 /* Info.plist */ = {isa = PBXFileReference; lastKnownFileType = text.plist.xml; path = Info.plist; sourceTree = "<group>"; };
		E608615519FFEDC800EBDBE1 /* main.m */ = {isa = PBXFileReference; lastKnownFileType = sourcecode.c.objc; path = main.m; sourceTree = "<group>"; };
		E608615719FFEDC800EBDBE1 /* AppDelegate.h */ = {isa = PBXFileReference; lastKnownFileType = sourcecode.c.h; path = AppDelegate.h; sourceTree = "<group>"; };
		E608615819FFEDC800EBDBE1 /* AppDelegate.m */ = {isa = PBXFileReference; lastKnownFileType = sourcecode.c.objc; path = AppDelegate.m; sourceTree = "<group>"; };
		E608616019FFEDC800EBDBE1 /* Images.xcassets */ = {isa = PBXFileReference; lastKnownFileType = folder.assetcatalog; path = Images.xcassets; sourceTree = "<group>"; };
		E608616319FFEDC800EBDBE1 /* Base */ = {isa = PBXFileReference; lastKnownFileType = file.xib; name = Base; path = Base.lproj/LaunchScreen.xib; sourceTree = "<group>"; };
		E608616919FFEDC800EBDBE1 /* P2P_Basket_iOSTests.xctest */ = {isa = PBXFileReference; explicitFileType = wrapper.cfbundle; includeInIndex = 0; path = P2P_Basket_iOSTests.xctest; sourceTree = BUILT_PRODUCTS_DIR; };
		E608616E19FFEDC800EBDBE1 /* Info.plist */ = {isa = PBXFileReference; lastKnownFileType = text.plist.xml; path = Info.plist; sourceTree = "<group>"; };
		E608616F19FFEDC800EBDBE1 /* P2P_Basket_iOSTests.m */ = {isa = PBXFileReference; lastKnownFileType = sourcecode.c.objc; path = P2P_Basket_iOSTests.m; sourceTree = "<group>"; };
		E616DAED1A28D68700A17ED9 /* platformDB.h */ = {isa = PBXFileReference; fileEncoding = 4; lastKnownFileType = sourcecode.c.h; path = platformDB.h; sourceTree = "<group>"; };
		E616DAEE1A28D68700A17ED9 /* platformDB.m */ = {isa = PBXFileReference; fileEncoding = 4; lastKnownFileType = sourcecode.c.objc; path = platformDB.m; sourceTree = "<group>"; };
		E65EB8FE1A17AA10004F23B7 /* MoreViewController.h */ = {isa = PBXFileReference; fileEncoding = 4; lastKnownFileType = sourcecode.c.h; path = MoreViewController.h; sourceTree = "<group>"; };
		E65EB8FF1A17AA10004F23B7 /* MoreViewController.m */ = {isa = PBXFileReference; fileEncoding = 4; lastKnownFileType = sourcecode.c.objc; path = MoreViewController.m; sourceTree = "<group>"; };
		E65EB9011A17AD32004F23B7 /* more@2x.png */ = {isa = PBXFileReference; lastKnownFileType = image.png; path = "more@2x.png"; sourceTree = "<group>"; };
		E68B042B1A2A1FD700DF1EBB /* RecordDB.h */ = {isa = PBXFileReference; fileEncoding = 4; lastKnownFileType = sourcecode.c.h; path = RecordDB.h; sourceTree = "<group>"; };
		E68B042C1A2A1FD700DF1EBB /* RecordDB.m */ = {isa = PBXFileReference; fileEncoding = 4; lastKnownFileType = sourcecode.c.objc; path = RecordDB.m; sourceTree = "<group>"; };
		E6B2DBC51A2226F50086F403 /* libsqlite3.dylib */ = {isa = PBXFileReference; lastKnownFileType = "compiled.mach-o.dylib"; name = libsqlite3.dylib; path = usr/lib/libsqlite3.dylib; sourceTree = SDKROOT; };
		E6C8E4241A18C7A600229A9F /* AddViewController.h */ = {isa = PBXFileReference; fileEncoding = 4; lastKnownFileType = sourcecode.c.h; path = AddViewController.h; sourceTree = "<group>"; };
		E6C8E4251A18C7A600229A9F /* AddViewController.m */ = {isa = PBXFileReference; fileEncoding = 4; lastKnownFileType = sourcecode.c.objc; path = AddViewController.m; sourceTree = "<group>"; };
/* End PBXFileReference section */

/* Begin PBXFrameworksBuildPhase section */
		E608614D19FFEDC800EBDBE1 /* Frameworks */ = {
			isa = PBXFrameworksBuildPhase;
			buildActionMask = 2147483647;
			files = (
				E6B2DBC61A2226F50086F403 /* libsqlite3.dylib in Frameworks */,
				1D78F4A51A0D168E009ED28B /* QuartzCore.framework in Frameworks */,
			);
			runOnlyForDeploymentPostprocessing = 0;
		};
		E608616619FFEDC800EBDBE1 /* Frameworks */ = {
			isa = PBXFrameworksBuildPhase;
			buildActionMask = 2147483647;
			files = (
			);
			runOnlyForDeploymentPostprocessing = 0;
		};
/* End PBXFrameworksBuildPhase section */

/* Begin PBXGroup section */
		1D05BC521A26061F00E3EEC8 /* TabBarItemIcon */ = {
			isa = PBXGroup;
			children = (
				E65EB9011A17AD32004F23B7 /* more@2x.png */,
				1D78F4A21A0D1581009ED28B /* menu-icon@2x.png */,
				1D5C9C281A0B60CC007CFFF9 /* homepage@2x.png */,
				1D5C9C291A0B60CC007CFFF9 /* anchor@2x.png */,
				1D5C9C2A1A0B60CC007CFFF9 /* chart_up@2x.png */,
				1D5C9C2B1A0B60CC007CFFF9 /* layers@2x.png */,
			);
			name = TabBarItemIcon;
			sourceTree = "<group>";
		};
		1D05BC531A26064D00E3EEC8 /* PlatformIcon */ = {
			isa = PBXGroup;
			children = (
				1DED79D11A287A4A00A054DB /* 爱投资-icon.png */,
				1DED79D21A287A4A00A054DB /* 点融网-icon.png */,
				1DED79D31A287A4A00A054DB /* 积木盒子-icon.png */,
				1DED79D41A287A4A00A054DB /* 陆金所-icon.png */,
				1DED79D51A287A4A00A054DB /* 人人贷-icon.png */,
				1DED79D61A287A4A00A054DB /* 盛融在线-icon.png */,
				1DED79D71A287A4A00A054DB /* 鑫合汇-icon.png */,
				1DED79D81A287A4A00A054DB /* 有利网-icon.png */,
			);
			name = PlatformIcon;
			sourceTree = "<group>";
		};
		1D5C9C261A0B60A2007CFFF9 /* Resources */ = {
			isa = PBXGroup;
			children = (
				1D9C118F1A10B12400BE0E23 /* background.jpg */,
				1D05BC531A26064D00E3EEC8 /* PlatformIcon */,
				1D05BC521A26061F00E3EEC8 /* TabBarItemIcon */,
			);
			name = Resources;
			sourceTree = "<group>";
		};
		1D666CFC1A10C798004DC666 /* Side */ = {
			isa = PBXGroup;
			children = (
				1D666CFD1A10C843004DC666 /* LeftSliderController.h */,
				1D666CFE1A10C843004DC666 /* LeftSliderController.m */,
			);
			name = Side;
			path = ..;
			sourceTree = "<group>";
		};
		1D666D031A10C963004DC666 /* ViewControllers */ = {
			isa = PBXGroup;
			children = (
				1D5C9C211A0B5FE0007CFFF9 /* HomeViewController.h */,
				1D5C9C221A0B5FE0007CFFF9 /* HomeViewController.m */,
				1D989AA91A10F6260092EED1 /* FlowViewController.h */,
				1D989AAA1A10F6260092EED1 /* FlowViewController.m */,
				1D989AAC1A10F6560092EED1 /* AnalysisViewController.h */,
				1D989AAD1A10F6560092EED1 /* AnalysisViewController.m */,
				1D989AAF1A10F6750092EED1 /* PlatformViewController.h */,
				1D989AB01A10F6750092EED1 /* PlatformViewController.m */,
				E65EB8FE1A17AA10004F23B7 /* MoreViewController.h */,
				E65EB8FF1A17AA10004F23B7 /* MoreViewController.m */,
				E6C8E4241A18C7A600229A9F /* AddViewController.h */,
				E6C8E4251A18C7A600229A9F /* AddViewController.m */,
			);
			name = ViewControllers;
			sourceTree = "<group>";
		};
		1D78F4A61A0D1693009ED28B /* Frameworks */ = {
			isa = PBXGroup;
			children = (
				E6B2DBC51A2226F50086F403 /* libsqlite3.dylib */,
				1D78F4A41A0D168E009ED28B /* QuartzCore.framework */,
			);
			name = Frameworks;
			sourceTree = "<group>";
		};
		1DAA30941A2C5DC20066C215 /* DataBase */ = {
			isa = PBXGroup;
			children = (
				E68B042B1A2A1FD700DF1EBB /* RecordDB.h */,
				E68B042C1A2A1FD700DF1EBB /* RecordDB.m */,
				E616DAED1A28D68700A17ED9 /* platformDB.h */,
				E616DAEE1A28D68700A17ED9 /* platformDB.m */,
			);
			name = DataBase;
			sourceTree = "<group>";
		};
		E608614719FFEDC800EBDBE1 = {
			isa = PBXGroup;
			children = (
				1DBED6881A2D55BB007939CF /* p2p_basket.sqlite */,
				E608615219FFEDC800EBDBE1 /* P2P_Basket_iOS */,
				1D5C9C261A0B60A2007CFFF9 /* Resources */,
				E608616C19FFEDC800EBDBE1 /* P2P_Basket_iOSTests */,
				1D78F4A61A0D1693009ED28B /* Frameworks */,
				E608615119FFEDC800EBDBE1 /* Products */,
			);
			sourceTree = "<group>";
		};
		E608615119FFEDC800EBDBE1 /* Products */ = {
			isa = PBXGroup;
			children = (
				E608615019FFEDC800EBDBE1 /* P2P_Basket_iOS.app */,
				E608616919FFEDC800EBDBE1 /* P2P_Basket_iOSTests.xctest */,
			);
			name = Products;
			sourceTree = "<group>";
		};
		E608615219FFEDC800EBDBE1 /* P2P_Basket_iOS */ = {
			isa = PBXGroup;
			children = (
				E608615719FFEDC800EBDBE1 /* AppDelegate.h */,
				E608615819FFEDC800EBDBE1 /* AppDelegate.m */,
				1DF0BDEF1A10550A00E491D6 /* RootViewController.h */,
				1DF0BDF01A10550A00E491D6 /* RootViewController.m */,
				1D5C9C241A0B5FF8007CFFF9 /* Main.storyboard */,
				E608616019FFEDC800EBDBE1 /* Images.xcassets */,
				E608616219FFEDC800EBDBE1 /* LaunchScreen.xib */,
				1DAA30941A2C5DC20066C215 /* DataBase */,
				1D666D031A10C963004DC666 /* ViewControllers */,
				1D666CFC1A10C798004DC666 /* Side */,
				E608615319FFEDC800EBDBE1 /* Supporting Files */,
			);
			path = P2P_Basket_iOS;
			sourceTree = "<group>";
		};
		E608615319FFEDC800EBDBE1 /* Supporting Files */ = {
			isa = PBXGroup;
			children = (
				E608615419FFEDC800EBDBE1 /* Info.plist */,
				E608615519FFEDC800EBDBE1 /* main.m */,
			);
			name = "Supporting Files";
			sourceTree = "<group>";
		};
		E608616C19FFEDC800EBDBE1 /* P2P_Basket_iOSTests */ = {
			isa = PBXGroup;
			children = (
				E608616F19FFEDC800EBDBE1 /* P2P_Basket_iOSTests.m */,
				E608616D19FFEDC800EBDBE1 /* Supporting Files */,
			);
			path = P2P_Basket_iOSTests;
			sourceTree = "<group>";
		};
		E608616D19FFEDC800EBDBE1 /* Supporting Files */ = {
			isa = PBXGroup;
			children = (
				E608616E19FFEDC800EBDBE1 /* Info.plist */,
			);
			name = "Supporting Files";
			sourceTree = "<group>";
		};
/* End PBXGroup section */

/* Begin PBXNativeTarget section */
		E608614F19FFEDC800EBDBE1 /* P2P_Basket_iOS */ = {
			isa = PBXNativeTarget;
			buildConfigurationList = E608617319FFEDC800EBDBE1 /* Build configuration list for PBXNativeTarget "P2P_Basket_iOS" */;
			buildPhases = (
				E608614C19FFEDC800EBDBE1 /* Sources */,
				E608614D19FFEDC800EBDBE1 /* Frameworks */,
				E608614E19FFEDC800EBDBE1 /* Resources */,
			);
			buildRules = (
			);
			dependencies = (
			);
			name = P2P_Basket_iOS;
			productName = P2P_Basket_iOS;
			productReference = E608615019FFEDC800EBDBE1 /* P2P_Basket_iOS.app */;
			productType = "com.apple.product-type.application";
		};
		E608616819FFEDC800EBDBE1 /* P2P_Basket_iOSTests */ = {
			isa = PBXNativeTarget;
			buildConfigurationList = E608617619FFEDC800EBDBE1 /* Build configuration list for PBXNativeTarget "P2P_Basket_iOSTests" */;
			buildPhases = (
				E608616519FFEDC800EBDBE1 /* Sources */,
				E608616619FFEDC800EBDBE1 /* Frameworks */,
				E608616719FFEDC800EBDBE1 /* Resources */,
			);
			buildRules = (
			);
			dependencies = (
				E608616B19FFEDC800EBDBE1 /* PBXTargetDependency */,
			);
			name = P2P_Basket_iOSTests;
			productName = P2P_Basket_iOSTests;
			productReference = E608616919FFEDC800EBDBE1 /* P2P_Basket_iOSTests.xctest */;
			productType = "com.apple.product-type.bundle.unit-test";
		};
/* End PBXNativeTarget section */

/* Begin PBXProject section */
		E608614819FFEDC800EBDBE1 /* Project object */ = {
			isa = PBXProject;
			attributes = {
				LastUpgradeCheck = 0610;
				ORGANIZATIONNAME = inkJake;
				TargetAttributes = {
					E608614F19FFEDC800EBDBE1 = {
						CreatedOnToolsVersion = 6.1;
					};
					E608616819FFEDC800EBDBE1 = {
						CreatedOnToolsVersion = 6.1;
						TestTargetID = E608614F19FFEDC800EBDBE1;
					};
				};
			};
			buildConfigurationList = E608614B19FFEDC800EBDBE1 /* Build configuration list for PBXProject "P2P_Basket_iOS" */;
			compatibilityVersion = "Xcode 3.2";
			developmentRegion = English;
			hasScannedForEncodings = 0;
			knownRegions = (
				en,
				Base,
			);
			mainGroup = E608614719FFEDC800EBDBE1;
			productRefGroup = E608615119FFEDC800EBDBE1 /* Products */;
			projectDirPath = "";
			projectRoot = "";
			targets = (
				E608614F19FFEDC800EBDBE1 /* P2P_Basket_iOS */,
				E608616819FFEDC800EBDBE1 /* P2P_Basket_iOSTests */,
			);
		};
/* End PBXProject section */

/* Begin PBXResourcesBuildPhase section */
		E608614E19FFEDC800EBDBE1 /* Resources */ = {
			isa = PBXResourcesBuildPhase;
			buildActionMask = 2147483647;
			files = (
				1DED79E01A287A4A00A054DB /* 有利网-icon.png in Resources */,
				1DED79DA1A287A4A00A054DB /* 点融网-icon.png in Resources */,
				1D78F4A31A0D1581009ED28B /* menu-icon@2x.png in Resources */,
				1D5C9C251A0B5FF8007CFFF9 /* Main.storyboard in Resources */,
				E608616419FFEDC800EBDBE1 /* LaunchScreen.xib in Resources */,
				1DBED6891A2D55BB007939CF /* p2p_basket.sqlite in Resources */,
				E608616119FFEDC800EBDBE1 /* Images.xcassets in Resources */,
				1DED79DE1A287A4A00A054DB /* 盛融在线-icon.png in Resources */,
				1D5C9C2E1A0B60CC007CFFF9 /* anchor@2x.png in Resources */,
				1D5C9C301A0B60CC007CFFF9 /* layers@2x.png in Resources */,
				1D9C11901A10B12400BE0E23 /* background.jpg in Resources */,
				1DED79DC1A287A4A00A054DB /* 陆金所-icon.png in Resources */,
				1DED79DF1A287A4A00A054DB /* 鑫合汇-icon.png in Resources */,
				1DED79DD1A287A4A00A054DB /* 人人贷-icon.png in Resources */,
				1DED79D91A287A4A00A054DB /* 爱投资-icon.png in Resources */,
				1DED79DB1A287A4A00A054DB /* 积木盒子-icon.png in Resources */,
				1D5C9C2D1A0B60CC007CFFF9 /* homepage@2x.png in Resources */,
				1D5C9C2F1A0B60CC007CFFF9 /* chart_up@2x.png in Resources */,
				E65EB9021A17AD32004F23B7 /* more@2x.png in Resources */,
			);
			runOnlyForDeploymentPostprocessing = 0;
		};
		E608616719FFEDC800EBDBE1 /* Resources */ = {
			isa = PBXResourcesBuildPhase;
			buildActionMask = 2147483647;
			files = (
			);
			runOnlyForDeploymentPostprocessing = 0;
		};
/* End PBXResourcesBuildPhase section */

/* Begin PBXSourcesBuildPhase section */
		E608614C19FFEDC800EBDBE1 /* Sources */ = {
			isa = PBXSourcesBuildPhase;
			buildActionMask = 2147483647;
			files = (
				E616DAEF1A28D68700A17ED9 /* platformDB.m in Sources */,
				E6C8E4261A18C7A600229A9F /* AddViewController.m in Sources */,
				E68B042D1A2A1FD700DF1EBB /* RecordDB.m in Sources */,
				E608615919FFEDC800EBDBE1 /* AppDelegate.m in Sources */,
				1D666CFF1A10C843004DC666 /* LeftSliderController.m in Sources */,
				1D989AAB1A10F6260092EED1 /* FlowViewController.m in Sources */,
				1D5C9C231A0B5FE0007CFFF9 /* HomeViewController.m in Sources */,
				E65EB9001A17AA10004F23B7 /* MoreViewController.m in Sources */,
				1DF0BDF11A10550A00E491D6 /* RootViewController.m in Sources */,
				1D989AAE1A10F6560092EED1 /* AnalysisViewController.m in Sources */,
				E608615619FFEDC800EBDBE1 /* main.m in Sources */,
				1D989AB11A10F6750092EED1 /* PlatformViewController.m in Sources */,
			);
			runOnlyForDeploymentPostprocessing = 0;
		};
		E608616519FFEDC800EBDBE1 /* Sources */ = {
			isa = PBXSourcesBuildPhase;
			buildActionMask = 2147483647;
			files = (
				E608617019FFEDC800EBDBE1 /* P2P_Basket_iOSTests.m in Sources */,
			);
			runOnlyForDeploymentPostprocessing = 0;
		};
/* End PBXSourcesBuildPhase section */

/* Begin PBXTargetDependency section */
		E608616B19FFEDC800EBDBE1 /* PBXTargetDependency */ = {
			isa = PBXTargetDependency;
			target = E608614F19FFEDC800EBDBE1 /* P2P_Basket_iOS */;
			targetProxy = E608616A19FFEDC800EBDBE1 /* PBXContainerItemProxy */;
		};
/* End PBXTargetDependency section */

/* Begin PBXVariantGroup section */
		E608616219FFEDC800EBDBE1 /* LaunchScreen.xib */ = {
			isa = PBXVariantGroup;
			children = (
				E608616319FFEDC800EBDBE1 /* Base */,
			);
			name = LaunchScreen.xib;
			sourceTree = "<group>";
		};
/* End PBXVariantGroup section */

/* Begin XCBuildConfiguration section */
		E608617119FFEDC800EBDBE1 /* Debug */ = {
			isa = XCBuildConfiguration;
			buildSettings = {
				ALWAYS_SEARCH_USER_PATHS = NO;
				CLANG_CXX_LANGUAGE_STANDARD = "gnu++0x";
				CLANG_CXX_LIBRARY = "libc++";
				CLANG_ENABLE_MODULES = YES;
				CLANG_ENABLE_OBJC_ARC = YES;
				CLANG_WARN_BOOL_CONVERSION = YES;
				CLANG_WARN_CONSTANT_CONVERSION = YES;
				CLANG_WARN_DIRECT_OBJC_ISA_USAGE = YES_ERROR;
				CLANG_WARN_EMPTY_BODY = YES;
				CLANG_WARN_ENUM_CONVERSION = YES;
				CLANG_WARN_INT_CONVERSION = YES;
				CLANG_WARN_OBJC_ROOT_CLASS = YES_ERROR;
				CLANG_WARN_UNREACHABLE_CODE = YES;
				CLANG_WARN__DUPLICATE_METHOD_MATCH = YES;
				"CODE_SIGN_IDENTITY[sdk=iphoneos*]" = "iPhone Developer";
				COPY_PHASE_STRIP = NO;
				ENABLE_STRICT_OBJC_MSGSEND = YES;
				GCC_C_LANGUAGE_STANDARD = gnu99;
				GCC_DYNAMIC_NO_PIC = NO;
				GCC_OPTIMIZATION_LEVEL = 0;
				GCC_PREPROCESSOR_DEFINITIONS = (
					"DEBUG=1",
					"$(inherited)",
				);
				GCC_SYMBOLS_PRIVATE_EXTERN = NO;
				GCC_WARN_64_TO_32_BIT_CONVERSION = YES;
				GCC_WARN_ABOUT_RETURN_TYPE = YES_ERROR;
				GCC_WARN_UNDECLARED_SELECTOR = YES;
				GCC_WARN_UNINITIALIZED_AUTOS = YES_AGGRESSIVE;
				GCC_WARN_UNUSED_FUNCTION = YES;
				GCC_WARN_UNUSED_VARIABLE = YES;
				IPHONEOS_DEPLOYMENT_TARGET = 8.1;
				MTL_ENABLE_DEBUG_INFO = YES;
				ONLY_ACTIVE_ARCH = YES;
				SDKROOT = iphoneos;
			};
			name = Debug;
		};
		E608617219FFEDC800EBDBE1 /* Release */ = {
			isa = XCBuildConfiguration;
			buildSettings = {
				ALWAYS_SEARCH_USER_PATHS = NO;
				CLANG_CXX_LANGUAGE_STANDARD = "gnu++0x";
				CLANG_CXX_LIBRARY = "libc++";
				CLANG_ENABLE_MODULES = YES;
				CLANG_ENABLE_OBJC_ARC = YES;
				CLANG_WARN_BOOL_CONVERSION = YES;
				CLANG_WARN_CONSTANT_CONVERSION = YES;
				CLANG_WARN_DIRECT_OBJC_ISA_USAGE = YES_ERROR;
				CLANG_WARN_EMPTY_BODY = YES;
				CLANG_WARN_ENUM_CONVERSION = YES;
				CLANG_WARN_INT_CONVERSION = YES;
				CLANG_WARN_OBJC_ROOT_CLASS = YES_ERROR;
				CLANG_WARN_UNREACHABLE_CODE = YES;
				CLANG_WARN__DUPLICATE_METHOD_MATCH = YES;
				"CODE_SIGN_IDENTITY[sdk=iphoneos*]" = "iPhone Developer";
				COPY_PHASE_STRIP = YES;
				ENABLE_NS_ASSERTIONS = NO;
				ENABLE_STRICT_OBJC_MSGSEND = YES;
				GCC_C_LANGUAGE_STANDARD = gnu99;
				GCC_WARN_64_TO_32_BIT_CONVERSION = YES;
				GCC_WARN_ABOUT_RETURN_TYPE = YES_ERROR;
				GCC_WARN_UNDECLARED_SELECTOR = YES;
				GCC_WARN_UNINITIALIZED_AUTOS = YES_AGGRESSIVE;
				GCC_WARN_UNUSED_FUNCTION = YES;
				GCC_WARN_UNUSED_VARIABLE = YES;
				IPHONEOS_DEPLOYMENT_TARGET = 8.1;
				MTL_ENABLE_DEBUG_INFO = NO;
				SDKROOT = iphoneos;
				VALIDATE_PRODUCT = YES;
			};
			name = Release;
		};
		E608617419FFEDC800EBDBE1 /* Debug */ = {
			isa = XCBuildConfiguration;
			buildSettings = {
				ASSETCATALOG_COMPILER_APPICON_NAME = AppIcon;
				INFOPLIST_FILE = P2P_Basket_iOS/Info.plist;
				LD_RUNPATH_SEARCH_PATHS = "$(inherited) @executable_path/Frameworks";
				PRODUCT_NAME = "$(TARGET_NAME)";
			};
			name = Debug;
		};
		E608617519FFEDC800EBDBE1 /* Release */ = {
			isa = XCBuildConfiguration;
			buildSettings = {
				ASSETCATALOG_COMPILER_APPICON_NAME = AppIcon;
				INFOPLIST_FILE = P2P_Basket_iOS/Info.plist;
				LD_RUNPATH_SEARCH_PATHS = "$(inherited) @executable_path/Frameworks";
				PRODUCT_NAME = "$(TARGET_NAME)";
			};
			name = Release;
		};
		E608617719FFEDC800EBDBE1 /* Debug */ = {
			isa = XCBuildConfiguration;
			buildSettings = {
				BUNDLE_LOADER = "$(TEST_HOST)";
				FRAMEWORK_SEARCH_PATHS = (
					"$(SDKROOT)/Developer/Library/Frameworks",
					"$(inherited)",
				);
				GCC_PREPROCESSOR_DEFINITIONS = (
					"DEBUG=1",
					"$(inherited)",
				);
				INFOPLIST_FILE = P2P_Basket_iOSTests/Info.plist;
				LD_RUNPATH_SEARCH_PATHS = "$(inherited) @executable_path/Frameworks @loader_path/Frameworks";
				PRODUCT_NAME = "$(TARGET_NAME)";
				TEST_HOST = "$(BUILT_PRODUCTS_DIR)/P2P_Basket_iOS.app/P2P_Basket_iOS";
			};
			name = Debug;
		};
		E608617819FFEDC800EBDBE1 /* Release */ = {
			isa = XCBuildConfiguration;
			buildSettings = {
				BUNDLE_LOADER = "$(TEST_HOST)";
				FRAMEWORK_SEARCH_PATHS = (
					"$(SDKROOT)/Developer/Library/Frameworks",
					"$(inherited)",
				);
				INFOPLIST_FILE = P2P_Basket_iOSTests/Info.plist;
				LD_RUNPATH_SEARCH_PATHS = "$(inherited) @executable_path/Frameworks @loader_path/Frameworks";
				PRODUCT_NAME = "$(TARGET_NAME)";
				TEST_HOST = "$(BUILT_PRODUCTS_DIR)/P2P_Basket_iOS.app/P2P_Basket_iOS";
			};
			name = Release;
		};
/* End XCBuildConfiguration section */

/* Begin XCConfigurationList section */
		E608614B19FFEDC800EBDBE1 /* Build configuration list for PBXProject "P2P_Basket_iOS" */ = {
			isa = XCConfigurationList;
			buildConfigurations = (
				E608617119FFEDC800EBDBE1 /* Debug */,
				E608617219FFEDC800EBDBE1 /* Release */,
			);
			defaultConfigurationIsVisible = 0;
			defaultConfigurationName = Release;
		};
		E608617319FFEDC800EBDBE1 /* Build configuration list for PBXNativeTarget "P2P_Basket_iOS" */ = {
			isa = XCConfigurationList;
			buildConfigurations = (
				E608617419FFEDC800EBDBE1 /* Debug */,
				E608617519FFEDC800EBDBE1 /* Release */,
			);
			defaultConfigurationIsVisible = 0;
			defaultConfigurationName = Release;
		};
		E608617619FFEDC800EBDBE1 /* Build configuration list for PBXNativeTarget "P2P_Basket_iOSTests" */ = {
			isa = XCConfigurationList;
			buildConfigurations = (
				E608617719FFEDC800EBDBE1 /* Debug */,
				E608617819FFEDC800EBDBE1 /* Release */,
			);
			defaultConfigurationIsVisible = 0;
			defaultConfigurationName = Release;
		};
/* End XCConfigurationList section */
	};
	rootObject = E608614819FFEDC800EBDBE1 /* Project object */;
}
